
Microsoft Visual Studio Solution File, Format Version 12.00
# Visual Studio Version 17
VisualStudioVersion = 17.5.33530.505
MinimumVisualStudioVersion = 10.0.40219.1
Project("{FAE04EC0-301F-11D3-BF4B-00C04F79EFBC}") = "ZipFile", "ZipFile\ZipFile.csproj", "{26D20C25-284A-494C-BB5A-9102D1595F61}"
EndProject
Global
	GlobalSection(SolutionConfigurationPlatforms) = preSolution
		Debug|Any CPU = Debug|Any CPU
		Release|Any CPU = Release|Any CPU
	EndGlobalSection
	GlobalSection(ProjectConfigurationPlatforms) = postSolution
		{26D20C25-284A-494C-BB5A-9102D1595F61}.Debug|Any CPU.ActiveCfg = Debug|Any CPU
		{26D20C25-284A-494C-BB5A-9102D1595F61}.Debug|Any CPU.Build.0 = Debug|Any CPU
		{26D20C25-284A-494C-BB5A-9102D1595F61}.Release|Any CPU.ActiveCfg = Release|Any CPU
		{26D20C25-284A-494C-BB5A-9102D1595F61}.Release|Any CPU.Build.0 = Release|Any CPU
	EndGlobalSection
	GlobalSection(SolutionProperties) = preSolution
		HideSolutionNode = FALSE
	EndGlobalSection
	GlobalSection(ExtensibilityGlobals) = postSolution
		SolutionGuid = {DD6F4691-38E5-400A-9B43-A93E731DFD8F}
	EndGlobalSection
EndGlobal
